github.com/IzumiSy/go-fdkaac v0.0.0-20211230112620-fdfce1c7637d h1:/DGvMSPdCDPl7MDldtjgJC6oq8N+/Li/XOnXT1TL+AU=
github.com/IzumiSy/go-fdkaac v0.0.0-20211230112620-fdfce1c7637d/go.mod h1:jmxJwIPbDUrofy2H3d28lYzz+RL9qt8GltDAAJ/mlb0=
github.com/google/uuid v1.3.0 h1:t6JiXgmwXMjEs8VusXIJk2BXHsn+wx8BZdTaoZ5fu7I=
github.com/google/uuid v1.3.0/go.mod h1:TIyPZe4MgqvfeYDBFedMoGGpEw/LqOeaOT+nhxU+yHo=
github.com/nareix/joy4 v0.0.0-20200507095837-05a4ffbb5369 h1:Yp0zFEufLz0H7jzffb4UPXijavlyqlYeOg7dcyVUNnQ=
github.com/nareix/joy4 v0.0.0-20200507095837-05a4ffbb5369/go.mod h1:aFJ1ZwLjvHN4yEzE5Bkz8rD8/d8Vlj3UIuvz2yfET7I=
